
Microsoft Visual Studio Solution File, Format Version 12.00
# Visual Studio Version 17
VisualStudioVersion = 17.5.33414.496
MinimumVisualStudioVersion = 10.0.40219.1
Project("{9A19103F-16F7-4668-BE54-9A1E7A4F7556}") = "Quiz (Treino If)", "Quiz (Treino If)\Quiz (Treino If).csproj", "{298A9FD5-F28C-453A-812C-94F848AE2C1A}"
EndProject
Global
	GlobalSection(SolutionConfigurationPlatforms) = preSolution
		Debug|Any CPU = Debug|Any CPU
		Release|Any CPU = Release|Any CPU
	EndGlobalSection
	GlobalSection(ProjectConfigurationPlatforms) = postSolution
		{298A9FD5-F28C-453A-812C-94F848AE2C1A}.Debug|Any CPU.ActiveCfg = Debug|Any CPU
		{298A9FD5-F28C-453A-812C-94F848AE2C1A}.Debug|Any CPU.Build.0 = Debug|Any CPU
		{298A9FD5-F28C-453A-812C-94F848AE2C1A}.Release|Any CPU.ActiveCfg = Release|Any CPU
		{298A9FD5-F28C-453A-812C-94F848AE2C1A}.Release|Any CPU.Build.0 = Release|Any CPU
	EndGlobalSection
	GlobalSection(SolutionProperties) = preSolution
		HideSolutionNode = FALSE
	EndGlobalSection
	GlobalSection(ExtensibilityGlobals) = postSolution
		SolutionGuid = {E8B0CE53-D67F-40BD-8FF1-4F4BA4C63F4B}
	EndGlobalSection
EndGlobal
